
Microsoft Visual Studio Solution File, Format Version 12.00
# Visual Studio Version 17
VisualStudioVersion = 17.9.34728.123
MinimumVisualStudioVersion = 10.0.40219.1
Project("{FAE04EC0-301F-11D3-BF4B-00C04F79EFBC}") = "todelete", "todelete.csproj", "{D57E53DB-1693-44A5-A538-97D3FD494B0F}"
EndProject
Project("{FAE04EC0-301F-11D3-BF4B-00C04F79EFBC}") = "WebApplication3", "..\WebApplication3\WebApplication3.csproj", "{1919786A-8466-4404-BE32-53C00329C90B}"
EndProject
Global
	GlobalSection(SolutionConfigurationPlatforms) = preSolution
		Debug|Any CPU = Debug|Any CPU
		Release|Any CPU = Release|Any CPU
	EndGlobalSection
	GlobalSection(ProjectConfigurationPlatforms) = postSolution
		{D57E53DB-1693-44A5-A538-97D3FD494B0F}.Debug|Any CPU.ActiveCfg = Debug|Any CPU
		{D57E53DB-1693-44A5-A538-97D3FD494B0F}.Debug|Any CPU.Build.0 = Debug|Any CPU
		{D57E53DB-1693-44A5-A538-97D3FD494B0F}.Release|Any CPU.ActiveCfg = Release|Any CPU
		{D57E53DB-1693-44A5-A538-97D3FD494B0F}.Release|Any CPU.Build.0 = Release|Any CPU
		{1919786A-8466-4404-BE32-53C00329C90B}.Debug|Any CPU.ActiveCfg = Debug|Any CPU
		{1919786A-8466-4404-BE32-53C00329C90B}.Debug|Any CPU.Build.0 = Debug|Any CPU
		{1919786A-8466-4404-BE32-53C00329C90B}.Release|Any CPU.ActiveCfg = Release|Any CPU
		{1919786A-8466-4404-BE32-53C00329C90B}.Release|Any CPU.Build.0 = Release|Any CPU
	EndGlobalSection
	GlobalSection(SolutionProperties) = preSolution
		HideSolutionNode = FALSE
	EndGlobalSection
	GlobalSection(ExtensibilityGlobals) = postSolution
		SolutionGuid = {166A0A64-A345-4926-8CA4-3D070589491C}
	EndGlobalSection
EndGlobal
